
Microsoft Visual Studio Solution File, Format Version 12.00
# Visual Studio Version 17
Project("{8BC9CEB8-8B4A-11D0-8D11-00A0C91BC942}") = "ALL_BUILD", "ALL_BUILD.vcxproj", "{06DD71ED-8AC9-3497-A77A-BE525DD90965}"
	ProjectSection(ProjectDependencies) = postProject
		{551E16B7-721B-3133-8DC2-A2F61A0C0348} = {551E16B7-721B-3133-8DC2-A2F61A0C0348}
		{62F7C7AE-3DDF-32B6-A2E8-492152053697} = {62F7C7AE-3DDF-32B6-A2E8-492152053697}
	EndProjectSection
EndProject
Project("{8BC9CEB8-8B4A-11D0-8D11-00A0C91BC942}") = "ZERO_CHECK", "ZERO_CHECK.vcxproj", "{551E16B7-721B-3133-8DC2-A2F61A0C0348}"
	ProjectSection(ProjectDependencies) = postProject
	EndProjectSection
EndProject
Project("{8BC9CEB8-8B4A-11D0-8D11-00A0C91BC942}") = "assign_3", "assign_3.vcxproj", "{62F7C7AE-3DDF-32B6-A2E8-492152053697}"
	ProjectSection(ProjectDependencies) = postProject
		{551E16B7-721B-3133-8DC2-A2F61A0C0348} = {551E16B7-721B-3133-8DC2-A2F61A0C0348}
	EndProjectSection
EndProject
Global
	GlobalSection(SolutionConfigurationPlatforms) = preSolution
		Debug|x64 = Debug|x64
		Release|x64 = Release|x64
		MinSizeRel|x64 = MinSizeRel|x64
		RelWithDebInfo|x64 = RelWithDebInfo|x64
	EndGlobalSection
	GlobalSection(ProjectConfigurationPlatforms) = postSolution
		{06DD71ED-8AC9-3497-A77A-BE525DD90965}.Debug|x64.ActiveCfg = Debug|x64
		{06DD71ED-8AC9-3497-A77A-BE525DD90965}.Release|x64.ActiveCfg = Release|x64
		{06DD71ED-8AC9-3497-A77A-BE525DD90965}.MinSizeRel|x64.ActiveCfg = MinSizeRel|x64
		{06DD71ED-8AC9-3497-A77A-BE525DD90965}.RelWithDebInfo|x64.ActiveCfg = RelWithDebInfo|x64
		{551E16B7-721B-3133-8DC2-A2F61A0C0348}.Debug|x64.ActiveCfg = Debug|x64
		{551E16B7-721B-3133-8DC2-A2F61A0C0348}.Debug|x64.Build.0 = Debug|x64
		{551E16B7-721B-3133-8DC2-A2F61A0C0348}.Release|x64.ActiveCfg = Release|x64
		{551E16B7-721B-3133-8DC2-A2F61A0C0348}.Release|x64.Build.0 = Release|x64
		{551E16B7-721B-3133-8DC2-A2F61A0C0348}.MinSizeRel|x64.ActiveCfg = MinSizeRel|x64
		{551E16B7-721B-3133-8DC2-A2F61A0C0348}.MinSizeRel|x64.Build.0 = MinSizeRel|x64
		{551E16B7-721B-3133-8DC2-A2F61A0C0348}.RelWithDebInfo|x64.ActiveCfg = RelWithDebInfo|x64
		{551E16B7-721B-3133-8DC2-A2F61A0C0348}.RelWithDebInfo|x64.Build.0 = RelWithDebInfo|x64
		{62F7C7AE-3DDF-32B6-A2E8-492152053697}.Debug|x64.ActiveCfg = Debug|x64
		{62F7C7AE-3DDF-32B6-A2E8-492152053697}.Debug|x64.Build.0 = Debug|x64
		{62F7C7AE-3DDF-32B6-A2E8-492152053697}.Release|x64.ActiveCfg = Release|x64
		{62F7C7AE-3DDF-32B6-A2E8-492152053697}.Release|x64.Build.0 = Release|x64
		{62F7C7AE-3DDF-32B6-A2E8-492152053697}.MinSizeRel|x64.ActiveCfg = MinSizeRel|x64
		{62F7C7AE-3DDF-32B6-A2E8-492152053697}.MinSizeRel|x64.Build.0 = MinSizeRel|x64
		{62F7C7AE-3DDF-32B6-A2E8-492152053697}.RelWithDebInfo|x64.ActiveCfg = RelWithDebInfo|x64
		{62F7C7AE-3DDF-32B6-A2E8-492152053697}.RelWithDebInfo|x64.Build.0 = RelWithDebInfo|x64
	EndGlobalSection
	GlobalSection(ExtensibilityGlobals) = postSolution
		SolutionGuid = {751EAF3C-4350-3FDD-A338-34F58C0EE282}
	EndGlobalSection
	GlobalSection(ExtensibilityAddIns) = postSolution
	EndGlobalSection
EndGlobal
