<?xml version="1.0" encoding="utf-8"?>
<Project ToolsVersion="17.0" xmlns="http://schemas.microsoft.com/developer/msbuild/2003">
  <ItemGroup>
    <ClCompile Include="C:\Users\urban\Downloads\Assign_3\bmploader.cpp">
      <Filter>Source Files</Filter>
    </ClCompile>
    <ClCompile Include="C:\Users\urban\Downloads\Assign_3\main.cpp">
      <Filter>Source Files</Filter>
    </ClCompile>
    <ClCompile Include="C:\Users\urban\Downloads\Assign_3\textfile.cpp">
      <Filter>Source Files</Filter>
    </ClCompile>
  </ItemGroup>
  <ItemGroup>
    <ClInclude Include="C:\Users\urban\Downloads\Assign_3\textfile.h">
      <Filter>Header Files</Filter>
    </ClInclude>
  </ItemGroup>
  <ItemGroup>
    <CustomBuild Include="C:\Users\urban\Downloads\Assign_3\CMakeLists.txt" />
  </ItemGroup>
  <ItemGroup>
    <None Include="C:\Users\urban\Downloads\Assign_3\fshader.frag" />
    <None Include="C:\Users\urban\Downloads\Assign_3\vshader.vert" />
  </ItemGroup>
  <ItemGroup>
    <Filter Include="Header Files">
      <UniqueIdentifier>{0189D5F8-307D-3547-9C6F-AD96A7D099FA}</UniqueIdentifier>
    </Filter>
    <Filter Include="Source Files">
      <UniqueIdentifier>{53E8D507-6334-3A5C-9704-86CD2A73618F}</UniqueIdentifier>
    </Filter>
  </ItemGroup>
</Project>
